{
  "name": "HelloWorld",
  "version": "1.0.0",
  "lockfileVersion": 1,
  "dependencies": {
    "fs": {
      "version": "0.0.1-security",
      "resolved": "https://registry.npmjs.org/fs/-/fs-0.0.1-security.tgz",
      "integrity": "sha1-invTcYa23d84E/I4WLV+yq9eQdQ="
    },
    "xopen": {
      "version": "1.0.0",
      "resolved": "https://registry.npmjs.org/xopen/-/xopen-1.0.0.tgz",
      "integrity": "sha1-8JkJ9too4gc5ZI9QzvjL3Dt39Eg="
    }
  }
}
