# THIS IS AN AUTOGENERATED FILE. DO NOT EDIT THIS FILE DIRECTLY.
# yarn lockfile v1


start@^5.1.0:
  version "5.1.0"
  resolved "https://registry.yarnpkg.com/start/-/start-5.1.0.tgz#1c171f0ef9487f56d0ab9a755ace860169208763"

xopen@^1.0.0:
  version "1.0.0"
  resolved "https://registry.yarnpkg.com/xopen/-/xopen-1.0.0.tgz#f09909f6da28e20739648f50cef8cbdc3b77f448"
