# THIS IS AN AUTOGENERATED FILE. DO NOT EDIT THIS FILE DIRECTLY.
# yarn lockfile v1


babel-plugin-replace-require@^0.0.4:
  version "0.0.4"
  resolved "https://registry.yarnpkg.com/babel-plugin-replace-require/-/babel-plugin-replace-require-0.0.4.tgz#2afe99c8cfd1a9faf5fa2a807bdb35c30a4970f8"
  dependencies:
    babylon "^6.14.1"

babylon@^6.14.1:
  version "6.17.4"
  resolved "https://registry.yarnpkg.com/babylon/-/babylon-6.17.4.tgz#3e8b7402b88d22c3423e137a1577883b15ff869a"

fs@0.0.1-security:
  version "0.0.1-security"
  resolved "https://registry.yarnpkg.com/fs/-/fs-0.0.1-security.tgz#8a7bd37186b6dddf3813f23858b57ecaaf5e41d4"

xopen@^1.0.0:
  version "1.0.0"
  resolved "https://registry.yarnpkg.com/xopen/-/xopen-1.0.0.tgz#f09909f6da28e20739648f50cef8cbdc3b77f448"
